
Microsoft Visual Studio Solution File, Format Version 10.00
# Visual Studio 2008
Project("{FAE04EC0-301F-11D3-BF4B-00C04F79EFBC}") = "practice 2", "practice 2\practice 2.csproj", "{0B50D8BA-E3D2-4BD6-9201-BF3784039029}"
EndProject
Global
	GlobalSection(SolutionConfigurationPlatforms) = preSolution
		Debug|Any CPU = Debug|Any CPU
		Release|Any CPU = Release|Any CPU
	EndGlobalSection
	GlobalSection(ProjectConfigurationPlatforms) = postSolution
		{0B50D8BA-E3D2-4BD6-9201-BF3784039029}.Debug|Any CPU.ActiveCfg = Debug|Any CPU
		{0B50D8BA-E3D2-4BD6-9201-BF3784039029}.Debug|Any CPU.Build.0 = Debug|Any CPU
		{0B50D8BA-E3D2-4BD6-9201-BF3784039029}.Release|Any CPU.ActiveCfg = Release|Any CPU
		{0B50D8BA-E3D2-4BD6-9201-BF3784039029}.Release|Any CPU.Build.0 = Release|Any CPU
	EndGlobalSection
	GlobalSection(SolutionProperties) = preSolution
		HideSolutionNode = FALSE
	EndGlobalSection
EndGlobal
