
Microsoft Visual Studio Solution File, Format Version 10.00
# Visual Studio 2008
Project("{FAE04EC0-301F-11D3-BF4B-00C04F79EFBC}") = "loan calculator", "loan calculator\loan calculator.csproj", "{FCEFE1B3-77A1-4301-8E7B-F1E7AD2C80F7}"
EndProject
Global
	GlobalSection(SolutionConfigurationPlatforms) = preSolution
		Debug|Any CPU = Debug|Any CPU
		Release|Any CPU = Release|Any CPU
	EndGlobalSection
	GlobalSection(ProjectConfigurationPlatforms) = postSolution
		{FCEFE1B3-77A1-4301-8E7B-F1E7AD2C80F7}.Debug|Any CPU.ActiveCfg = Debug|Any CPU
		{FCEFE1B3-77A1-4301-8E7B-F1E7AD2C80F7}.Debug|Any CPU.Build.0 = Debug|Any CPU
		{FCEFE1B3-77A1-4301-8E7B-F1E7AD2C80F7}.Release|Any CPU.ActiveCfg = Release|Any CPU
		{FCEFE1B3-77A1-4301-8E7B-F1E7AD2C80F7}.Release|Any CPU.Build.0 = Release|Any CPU
	EndGlobalSection
	GlobalSection(SolutionProperties) = preSolution
		HideSolutionNode = FALSE
	EndGlobalSection
EndGlobal
